
Microsoft Visual Studio Solution File, Format Version 12.00
# Visual Studio 15
VisualStudioVersion = 15.0.27428.2027
MinimumVisualStudioVersion = 10.0.40219.1
Project("{FAE04EC0-301F-11D3-BF4B-00C04F79EFBC}") = "NaC.Model", "NaC.Model\NaC.Model.csproj", "{B93F3F19-AE95-4DC6-ACCC-5A635D2354BC}"
EndProject
Project("{FAE04EC0-301F-11D3-BF4B-00C04F79EFBC}") = "NaC.ViewModel", "NaC.ViewModel\NaC.ViewModel.csproj", "{9FFD9800-51A7-49A0-84DC-4C9287EA6077}"
EndProject
Project("{FAE04EC0-301F-11D3-BF4B-00C04F79EFBC}") = "NaC.View", "NaC.View\NaC.View.csproj", "{A67E8D57-9FAF-4024-899C-2A04C269DFAA}"
EndProject
Global
	GlobalSection(SolutionConfigurationPlatforms) = preSolution
		Debug|Any CPU = Debug|Any CPU
		Release|Any CPU = Release|Any CPU
	EndGlobalSection
	GlobalSection(ProjectConfigurationPlatforms) = postSolution
		{B93F3F19-AE95-4DC6-ACCC-5A635D2354BC}.Debug|Any CPU.ActiveCfg = Debug|Any CPU
		{B93F3F19-AE95-4DC6-ACCC-5A635D2354BC}.Debug|Any CPU.Build.0 = Debug|Any CPU
		{B93F3F19-AE95-4DC6-ACCC-5A635D2354BC}.Release|Any CPU.ActiveCfg = Release|Any CPU
		{B93F3F19-AE95-4DC6-ACCC-5A635D2354BC}.Release|Any CPU.Build.0 = Release|Any CPU
		{9FFD9800-51A7-49A0-84DC-4C9287EA6077}.Debug|Any CPU.ActiveCfg = Debug|Any CPU
		{9FFD9800-51A7-49A0-84DC-4C9287EA6077}.Debug|Any CPU.Build.0 = Debug|Any CPU
		{9FFD9800-51A7-49A0-84DC-4C9287EA6077}.Release|Any CPU.ActiveCfg = Release|Any CPU
		{9FFD9800-51A7-49A0-84DC-4C9287EA6077}.Release|Any CPU.Build.0 = Release|Any CPU
		{A67E8D57-9FAF-4024-899C-2A04C269DFAA}.Debug|Any CPU.ActiveCfg = Debug|Any CPU
		{A67E8D57-9FAF-4024-899C-2A04C269DFAA}.Debug|Any CPU.Build.0 = Debug|Any CPU
		{A67E8D57-9FAF-4024-899C-2A04C269DFAA}.Release|Any CPU.ActiveCfg = Release|Any CPU
		{A67E8D57-9FAF-4024-899C-2A04C269DFAA}.Release|Any CPU.Build.0 = Release|Any CPU
	EndGlobalSection
	GlobalSection(SolutionProperties) = preSolution
		HideSolutionNode = FALSE
	EndGlobalSection
	GlobalSection(ExtensibilityGlobals) = postSolution
		SolutionGuid = {F3E10F5C-8ED2-4843-A1D2-6D91597A92ED}
	EndGlobalSection
EndGlobal
